// !$*UTF8*$!
{
	archiveVersion = 1;
	classes = {
	};
	objectVersion = 56;
	objects = {

/* Begin PBXBuildFile section */
		700A930B2B46BEB100608225 /* AppDelegate.swift in Sources */ = {isa = PBXBuildFile; fileRef = 700A930A2B46BEB100608225 /* AppDelegate.swift */; };
		700A930D2B46BEB100608225 /* SceneDelegate.swift in Sources */ = {isa = PBXBuildFile; fileRef = 700A930C2B46BEB100608225 /* SceneDelegate.swift */; };
		700A930F2B46BEB100608225 /* ColorsViewController.swift in Sources */ = {isa = PBXBuildFile; fileRef = 700A930E2B46BEB100608225 /* ColorsViewController.swift */; };
		700A93122B46BEB100608225 /* Main.storyboard in Resources */ = {isa = PBXBuildFile; fileRef = 700A93102B46BEB100608225 /* Main.storyboard */; };
		700A93142B46BEB300608225 /* Assets.xcassets in Resources */ = {isa = PBXBuildFile; fileRef = 700A93132B46BEB300608225 /* Assets.xcassets */; };
		700A93172B46BEB300608225 /* LaunchScreen.storyboard in Resources */ = {isa = PBXBuildFile; fileRef = 700A93152B46BEB300608225 /* LaunchScreen.storyboard */; };
		700A93222B46BEB300608225 /* ColorTasks_ColorListTests.swift in Sources */ = {isa = PBXBuildFile; fileRef = 700A93212B46BEB300608225 /* ColorTasks_ColorListTests.swift */; };
		700A932C2B46BEB300608225 /* ColorTasks_ColorListUITests.swift in Sources */ = {isa = PBXBuildFile; fileRef = 700A932B2B46BEB300608225 /* ColorTasks_ColorListUITests.swift */; };
		700A932E2B46BEB300608225 /* ColorTasks_ColorListUITestsLaunchTests.swift in Sources */ = {isa = PBXBuildFile; fileRef = 700A932D2B46BEB300608225 /* ColorTasks_ColorListUITestsLaunchTests.swift */; };
		7039907A2B4C3ECE00CB5F80 /* ColorTableViewCell.swift in Sources */ = {isa = PBXBuildFile; fileRef = 703990782B4C3ECE00CB5F80 /* ColorTableViewCell.swift */; };
		7039907B2B4C3ECE00CB5F80 /* ColorTableViewCell.xib in Resources */ = {isa = PBXBuildFile; fileRef = 703990792B4C3ECE00CB5F80 /* ColorTableViewCell.xib */; };
		7039907F2B4D3A9F00CB5F80 /* ColorDescriptionView.swift in Sources */ = {isa = PBXBuildFile; fileRef = 7039907E2B4D3A9F00CB5F80 /* ColorDescriptionView.swift */; };
		703990852B4D4AED00CB5F80 /* ColorDescriptionView.xib in Resources */ = {isa = PBXBuildFile; fileRef = 703990842B4D4AED00CB5F80 /* ColorDescriptionView.xib */; };
		706E41632B4EB18A0051B3A2 /* ColorsViewController+Drag.swift in Sources */ = {isa = PBXBuildFile; fileRef = 706E41622B4EB18A0051B3A2 /* ColorsViewController+Drag.swift */; };
		706E41652B4EB1A40051B3A2 /* ColorsViewController+Drop.swift in Sources */ = {isa = PBXBuildFile; fileRef = 706E41642B4EB1A40051B3A2 /* ColorsViewController+Drop.swift */; };
		706E41672B4EB1B10051B3A2 /* ColorsViewController+Data.swift in Sources */ = {isa = PBXBuildFile; fileRef = 706E41662B4EB1B10051B3A2 /* ColorsViewController+Data.swift */; };
		706E416C2B4FEC920051B3A2 /* ColorTextField.swift in Sources */ = {isa = PBXBuildFile; fileRef = 706E416B2B4FEC920051B3A2 /* ColorTextField.swift */; };
		706E416E2B4FECA10051B3A2 /* ColorTextField.xib in Resources */ = {isa = PBXBuildFile; fileRef = 706E416D2B4FECA10051B3A2 /* ColorTextField.xib */; };
		706E41702B5006B20051B3A2 /* AddColorViewController.swift in Sources */ = {isa = PBXBuildFile; fileRef = 706E416F2B5006B20051B3A2 /* AddColorViewController.swift */; };
		706E41722B533D4C0051B3A2 /* AddColorViewController+ColorPickerDelegate.swift in Sources */ = {isa = PBXBuildFile; fileRef = 706E41712B533D4C0051B3A2 /* AddColorViewController+ColorPickerDelegate.swift */; };
		706E41C32B542CA40051B3A2 /* Extensions.swift in Sources */ = {isa = PBXBuildFile; fileRef = 706E41C22B542CA40051B3A2 /* Extensions.swift */; };
		706E41C52B543A9C0051B3A2 /* UIHelper.swift in Sources */ = {isa = PBXBuildFile; fileRef = 706E41C42B543A9C0051B3A2 /* UIHelper.swift */; };
		706E41C72B543F300051B3A2 /* Color+Dragging.swift in Sources */ = {isa = PBXBuildFile; fileRef = 706E41C62B543F300051B3A2 /* Color+Dragging.swift */; };
		706E41C92B5444080051B3A2 /* AddColorDelegate.swift in Sources */ = {isa = PBXBuildFile; fileRef = 706E41C82B5444080051B3A2 /* AddColorDelegate.swift */; };
		706E41CB2B5444900051B3A2 /* ColorsViewController+AddColorDelegate.swift in Sources */ = {isa = PBXBuildFile; fileRef = 706E41CA2B5444900051B3A2 /* ColorsViewController+AddColorDelegate.swift */; };
		706E41DD2B5532530051B3A2 /* Colors.xcdatamodeld in Sources */ = {isa = PBXBuildFile; fileRef = 706E41DB2B5532530051B3A2 /* Colors.xcdatamodeld */; };
		706E41EE2B5543170051B3A2 /* Color+CoreDataClass.swift in Sources */ = {isa = PBXBuildFile; fileRef = 706E41EC2B5543170051B3A2 /* Color+CoreDataClass.swift */; };
		706E41EF2B5543170051B3A2 /* Color+CoreDataProperties.swift in Sources */ = {isa = PBXBuildFile; fileRef = 706E41ED2B5543170051B3A2 /* Color+CoreDataProperties.swift */; };
/* End PBXBuildFile section */

/* Begin PBXContainerItemProxy section */
		700A931E2B46BEB300608225 /* PBXContainerItemProxy */ = {
			isa = PBXContainerItemProxy;
			containerPortal = 700A92FF2B46BEB100608225 /* Project object */;
			proxyType = 1;
			remoteGlobalIDString = 700A93062B46BEB100608225;
			remoteInfo = "ColorTasks-ColorList";
		};
		700A93282B46BEB300608225 /* PBXContainerItemProxy */ = {
			isa = PBXContainerItemProxy;
			containerPortal = 700A92FF2B46BEB100608225 /* Project object */;
			proxyType = 1;
			remoteGlobalIDString = 700A93062B46BEB100608225;
			remoteInfo = "ColorTasks-ColorList";
		};
/* End PBXContainerItemProxy section */

/* Begin PBXFileReference section */
		700A93072B46BEB100608225 /* ColorTasks-ColorList.app */ = {isa = PBXFileReference; explicitFileType = wrapper.application; includeInIndex = 0; path = "ColorTasks-ColorList.app"; sourceTree = BUILT_PRODUCTS_DIR; };
		700A930A2B46BEB100608225 /* AppDelegate.swift */ = {isa = PBXFileReference; lastKnownFileType = sourcecode.swift; path = AppDelegate.swift; sourceTree = "<group>"; };
		700A930C2B46BEB100608225 /* SceneDelegate.swift */ = {isa = PBXFileReference; lastKnownFileType = sourcecode.swift; path = SceneDelegate.swift; sourceTree = "<group>"; };
		700A930E2B46BEB100608225 /* ColorsViewController.swift */ = {isa = PBXFileReference; lastKnownFileType = sourcecode.swift; path = ColorsViewController.swift; sourceTree = "<group>"; };
		700A93112B46BEB100608225 /* Base */ = {isa = PBXFileReference; lastKnownFileType = file.storyboard; name = Base; path = Base.lproj/Main.storyboard; sourceTree = "<group>"; };
		700A93132B46BEB300608225 /* Assets.xcassets */ = {isa = PBXFileReference; lastKnownFileType = folder.assetcatalog; path = Assets.xcassets; sourceTree = "<group>"; };
		700A93162B46BEB300608225 /* Base */ = {isa = PBXFileReference; lastKnownFileType = file.storyboard; name = Base; path = Base.lproj/LaunchScreen.storyboard; sourceTree = "<group>"; };
		700A93182B46BEB300608225 /* Info.plist */ = {isa = PBXFileReference; lastKnownFileType = text.plist.xml; path = Info.plist; sourceTree = "<group>"; };
		700A931D2B46BEB300608225 /* ColorTasks-ColorListTests.xctest */ = {isa = PBXFileReference; explicitFileType = wrapper.cfbundle; includeInIndex = 0; path = "ColorTasks-ColorListTests.xctest"; sourceTree = BUILT_PRODUCTS_DIR; };
		700A93212B46BEB300608225 /* ColorTasks_ColorListTests.swift */ = {isa = PBXFileReference; lastKnownFileType = sourcecode.swift; path = ColorTasks_ColorListTests.swift; sourceTree = "<group>"; };
		700A93272B46BEB300608225 /* ColorTasks-ColorListUITests.xctest */ = {isa = PBXFileReference; explicitFileType = wrapper.cfbundle; includeInIndex = 0; path = "ColorTasks-ColorListUITests.xctest"; sourceTree = BUILT_PRODUCTS_DIR; };
		700A932B2B46BEB300608225 /* ColorTasks_ColorListUITests.swift */ = {isa = PBXFileReference; lastKnownFileType = sourcecode.swift; path = ColorTasks_ColorListUITests.swift; sourceTree = "<group>"; };
		700A932D2B46BEB300608225 /* ColorTasks_ColorListUITestsLaunchTests.swift */ = {isa = PBXFileReference; lastKnownFileType = sourcecode.swift; path = ColorTasks_ColorListUITestsLaunchTests.swift; sourceTree = "<group>"; };
		703990782B4C3ECE00CB5F80 /* ColorTableViewCell.swift */ = {isa = PBXFileReference; lastKnownFileType = sourcecode.swift; path = ColorTableViewCell.swift; sourceTree = "<group>"; };
		703990792B4C3ECE00CB5F80 /* ColorTableViewCell.xib */ = {isa = PBXFileReference; lastKnownFileType = file.xib; path = ColorTableViewCell.xib; sourceTree = "<group>"; };
		7039907E2B4D3A9F00CB5F80 /* ColorDescriptionView.swift */ = {isa = PBXFileReference; lastKnownFileType = sourcecode.swift; path = ColorDescriptionView.swift; sourceTree = "<group>"; };
		703990842B4D4AED00CB5F80 /* ColorDescriptionView.xib */ = {isa = PBXFileReference; lastKnownFileType = file.xib; path = ColorDescriptionView.xib; sourceTree = "<group>"; };
		706E41622B4EB18A0051B3A2 /* ColorsViewController+Drag.swift */ = {isa = PBXFileReference; lastKnownFileType = sourcecode.swift; path = "ColorsViewController+Drag.swift"; sourceTree = "<group>"; };
		706E41642B4EB1A40051B3A2 /* ColorsViewController+Drop.swift */ = {isa = PBXFileReference; lastKnownFileType = sourcecode.swift; path = "ColorsViewController+Drop.swift"; sourceTree = "<group>"; };
		706E41662B4EB1B10051B3A2 /* ColorsViewController+Data.swift */ = {isa = PBXFileReference; lastKnownFileType = sourcecode.swift; path = "ColorsViewController+Data.swift"; sourceTree = "<group>"; };
		706E416B2B4FEC920051B3A2 /* ColorTextField.swift */ = {isa = PBXFileReference; lastKnownFileType = sourcecode.swift; path = ColorTextField.swift; sourceTree = "<group>"; };
		706E416D2B4FECA10051B3A2 /* ColorTextField.xib */ = {isa = PBXFileReference; lastKnownFileType = file.xib; path = ColorTextField.xib; sourceTree = "<group>"; };
		706E416F2B5006B20051B3A2 /* AddColorViewController.swift */ = {isa = PBXFileReference; lastKnownFileType = sourcecode.swift; path = AddColorViewController.swift; sourceTree = "<group>"; };
		706E41712B533D4C0051B3A2 /* AddColorViewController+ColorPickerDelegate.swift */ = {isa = PBXFileReference; lastKnownFileType = sourcecode.swift; path = "AddColorViewController+ColorPickerDelegate.swift"; sourceTree = "<group>"; };
		706E41C22B542CA40051B3A2 /* Extensions.swift */ = {isa = PBXFileReference; lastKnownFileType = sourcecode.swift; path = Extensions.swift; sourceTree = "<group>"; };
		706E41C42B543A9C0051B3A2 /* UIHelper.swift */ = {isa = PBXFileReference; lastKnownFileType = sourcecode.swift; path = UIHelper.swift; sourceTree = "<group>"; };
		706E41C62B543F300051B3A2 /* Color+Dragging.swift */ = {isa = PBXFileReference; lastKnownFileType = sourcecode.swift; path = "Color+Dragging.swift"; sourceTree = "<group>"; };
		706E41C82B5444080051B3A2 /* AddColorDelegate.swift */ = {isa = PBXFileReference; lastKnownFileType = sourcecode.swift; path = AddColorDelegate.swift; sourceTree = "<group>"; };
		706E41CA2B5444900051B3A2 /* ColorsViewController+AddColorDelegate.swift */ = {isa = PBXFileReference; lastKnownFileType = sourcecode.swift; path = "ColorsViewController+AddColorDelegate.swift"; sourceTree = "<group>"; };
		706E41DC2B5532530051B3A2 /* Colors.xcdatamodel */ = {isa = PBXFileReference; lastKnownFileType = wrapper.xcdatamodel; path = Colors.xcdatamodel; sourceTree = "<group>"; };
		706E41EC2B5543170051B3A2 /* Color+CoreDataClass.swift */ = {isa = PBXFileReference; lastKnownFileType = sourcecode.swift; path = "Color+CoreDataClass.swift"; sourceTree = "<group>"; };
		706E41ED2B5543170051B3A2 /* Color+CoreDataProperties.swift */ = {isa = PBXFileReference; lastKnownFileType = sourcecode.swift; path = "Color+CoreDataProperties.swift"; sourceTree = "<group>"; };
/* End PBXFileReference section */

/* Begin PBXFrameworksBuildPhase section */
		700A93042B46BEB100608225 /* Frameworks */ = {
			isa = PBXFrameworksBuildPhase;
			buildActionMask = 2147483647;
			files = (
			);
			runOnlyForDeploymentPostprocessing = 0;
		};
		700A931A2B46BEB300608225 /* Frameworks */ = {
			isa = PBXFrameworksBuildPhase;
			buildActionMask = 2147483647;
			files = (
			);
			runOnlyForDeploymentPostprocessing = 0;
		};
		700A93242B46BEB300608225 /* Frameworks */ = {
			isa = PBXFrameworksBuildPhase;
			buildActionMask = 2147483647;
			files = (
			);
			runOnlyForDeploymentPostprocessing = 0;
		};
/* End PBXFrameworksBuildPhase section */

/* Begin PBXGroup section */
		700A92FE2B46BEB100608225 = {
			isa = PBXGroup;
			children = (
				700A93092B46BEB100608225 /* ColorTasks-ColorList */,
				700A93202B46BEB300608225 /* ColorTasks-ColorListTests */,
				700A932A2B46BEB300608225 /* ColorTasks-ColorListUITests */,
				700A93082B46BEB100608225 /* Products */,
			);
			sourceTree = "<group>";
		};
		700A93082B46BEB100608225 /* Products */ = {
			isa = PBXGroup;
			children = (
				700A93072B46BEB100608225 /* ColorTasks-ColorList.app */,
				700A931D2B46BEB300608225 /* ColorTasks-ColorListTests.xctest */,
				700A93272B46BEB300608225 /* ColorTasks-ColorListUITests.xctest */,
			);
			name = Products;
			sourceTree = "<group>";
		};
		700A93092B46BEB100608225 /* ColorTasks-ColorList */ = {
			isa = PBXGroup;
			children = (
				706E41C12B542C890051B3A2 /* Helper */,
				706E41602B4EB0B80051B3A2 /* Model */,
				706E41612B4EB14E0051B3A2 /* ColorsViewController */,
				706E416A2B4FEB5A0051B3A2 /* AddColorViewController */,
				700A93102B46BEB100608225 /* Main.storyboard */,
				700A930C2B46BEB100608225 /* SceneDelegate.swift */,
				700A930A2B46BEB100608225 /* AppDelegate.swift */,
				700A93132B46BEB300608225 /* Assets.xcassets */,
				700A93152B46BEB300608225 /* LaunchScreen.storyboard */,
				700A93182B46BEB300608225 /* Info.plist */,
				706E41DB2B5532530051B3A2 /* Colors.xcdatamodeld */,
			);
			path = "ColorTasks-ColorList";
			sourceTree = "<group>";
		};
		700A93202B46BEB300608225 /* ColorTasks-ColorListTests */ = {
			isa = PBXGroup;
			children = (
				700A93212B46BEB300608225 /* ColorTasks_ColorListTests.swift */,
			);
			path = "ColorTasks-ColorListTests";
			sourceTree = "<group>";
		};
		700A932A2B46BEB300608225 /* ColorTasks-ColorListUITests */ = {
			isa = PBXGroup;
			children = (
				700A932B2B46BEB300608225 /* ColorTasks_ColorListUITests.swift */,
				700A932D2B46BEB300608225 /* ColorTasks_ColorListUITestsLaunchTests.swift */,
			);
			path = "ColorTasks-ColorListUITests";
			sourceTree = "<group>";
		};
		706E41602B4EB0B80051B3A2 /* Model */ = {
			isa = PBXGroup;
			children = (
				706E41C62B543F300051B3A2 /* Color+Dragging.swift */,
				706E41EC2B5543170051B3A2 /* Color+CoreDataClass.swift */,
				706E41ED2B5543170051B3A2 /* Color+CoreDataProperties.swift */,
			);
			path = Model;
			sourceTree = "<group>";
		};
		706E41612B4EB14E0051B3A2 /* ColorsViewController */ = {
			isa = PBXGroup;
			children = (
				700A930E2B46BEB100608225 /* ColorsViewController.swift */,
				706E41CA2B5444900051B3A2 /* ColorsViewController+AddColorDelegate.swift */,
				706E41622B4EB18A0051B3A2 /* ColorsViewController+Drag.swift */,
				706E41642B4EB1A40051B3A2 /* ColorsViewController+Drop.swift */,
				706E41662B4EB1B10051B3A2 /* ColorsViewController+Data.swift */,
				703990782B4C3ECE00CB5F80 /* ColorTableViewCell.swift */,
				703990792B4C3ECE00CB5F80 /* ColorTableViewCell.xib */,
				7039907E2B4D3A9F00CB5F80 /* ColorDescriptionView.swift */,
				703990842B4D4AED00CB5F80 /* ColorDescriptionView.xib */,
			);
			path = ColorsViewController;
			sourceTree = "<group>";
		};
		706E416A2B4FEB5A0051B3A2 /* AddColorViewController */ = {
			isa = PBXGroup;
			children = (
				706E416F2B5006B20051B3A2 /* AddColorViewController.swift */,
				706E416B2B4FEC920051B3A2 /* ColorTextField.swift */,
				706E416D2B4FECA10051B3A2 /* ColorTextField.xib */,
				706E41712B533D4C0051B3A2 /* AddColorViewController+ColorPickerDelegate.swift */,
				706E41C82B5444080051B3A2 /* AddColorDelegate.swift */,
			);
			path = AddColorViewController;
			sourceTree = "<group>";
		};
		706E41C12B542C890051B3A2 /* Helper */ = {
			isa = PBXGroup;
			children = (
				706E41C22B542CA40051B3A2 /* Extensions.swift */,
				706E41C42B543A9C0051B3A2 /* UIHelper.swift */,
			);
			path = Helper;
			sourceTree = "<group>";
		};
/* End PBXGroup section */

/* Begin PBXNativeTarget section */
		700A93062B46BEB100608225 /* ColorTasks-ColorList */ = {
			isa = PBXNativeTarget;
			buildConfigurationList = 700A93312B46BEB300608225 /* Build configuration list for PBXNativeTarget "ColorTasks-ColorList" */;
			buildPhases = (
				700A93032B46BEB100608225 /* Sources */,
				700A93042B46BEB100608225 /* Frameworks */,
				700A93052B46BEB100608225 /* Resources */,
			);
			buildRules = (
			);
			dependencies = (
			);
			name = "ColorTasks-ColorList";
			productName = "ColorTasks-ColorList";
			productReference = 700A93072B46BEB100608225 /* ColorTasks-ColorList.app */;
			productType = "com.apple.product-type.application";
		};
		700A931C2B46BEB300608225 /* ColorTasks-ColorListTests */ = {
			isa = PBXNativeTarget;
			buildConfigurationList = 700A93342B46BEB300608225 /* Build configuration list for PBXNativeTarget "ColorTasks-ColorListTests" */;
			buildPhases = (
				700A93192B46BEB300608225 /* Sources */,
				700A931A2B46BEB300608225 /* Frameworks */,
				700A931B2B46BEB300608225 /* Resources */,
			);
			buildRules = (
			);
			dependencies = (
				700A931F2B46BEB300608225 /* PBXTargetDependency */,
			);
			name = "ColorTasks-ColorListTests";
			productName = "ColorTasks-ColorListTests";
			productReference = 700A931D2B46BEB300608225 /* ColorTasks-ColorListTests.xctest */;
			productType = "com.apple.product-type.bundle.unit-test";
		};
		700A93262B46BEB300608225 /* ColorTasks-ColorListUITests */ = {
			isa = PBXNativeTarget;
			buildConfigurationList = 700A93372B46BEB300608225 /* Build configuration list for PBXNativeTarget "ColorTasks-ColorListUITests" */;
			buildPhases = (
				700A93232B46BEB300608225 /* Sources */,
				700A93242B46BEB300608225 /* Frameworks */,
				700A93252B46BEB300608225 /* Resources */,
			);
			buildRules = (
			);
			dependencies = (
				700A93292B46BEB300608225 /* PBXTargetDependency */,
			);
			name = "ColorTasks-ColorListUITests";
			productName = "ColorTasks-ColorListUITests";
			productReference = 700A93272B46BEB300608225 /* ColorTasks-ColorListUITests.xctest */;
			productType = "com.apple.product-type.bundle.ui-testing";
		};
/* End PBXNativeTarget section */

/* Begin PBXProject section */
		700A92FF2B46BEB100608225 /* Project object */ = {
			isa = PBXProject;
			attributes = {
				BuildIndependentTargetsInParallel = 1;
				LastSwiftUpdateCheck = 1430;
				LastUpgradeCheck = 1430;
				TargetAttributes = {
					700A93062B46BEB100608225 = {
						CreatedOnToolsVersion = 14.3.1;
					};
					700A931C2B46BEB300608225 = {
						CreatedOnToolsVersion = 14.3.1;
						TestTargetID = 700A93062B46BEB100608225;
					};
					700A93262B46BEB300608225 = {
						CreatedOnToolsVersion = 14.3.1;
						TestTargetID = 700A93062B46BEB100608225;
					};
				};
			};
			buildConfigurationList = 700A93022B46BEB100608225 /* Build configuration list for PBXProject "ColorTasks-ColorList" */;
			compatibilityVersion = "Xcode 14.0";
			developmentRegion = en;
			hasScannedForEncodings = 0;
			knownRegions = (
				en,
				Base,
			);
			mainGroup = 700A92FE2B46BEB100608225;
			productRefGroup = 700A93082B46BEB100608225 /* Products */;
			projectDirPath = "";
			projectRoot = "";
			targets = (
				700A93062B46BEB100608225 /* ColorTasks-ColorList */,
				700A931C2B46BEB300608225 /* ColorTasks-ColorListTests */,
				700A93262B46BEB300608225 /* ColorTasks-ColorListUITests */,
			);
		};
/* End PBXProject section */

/* Begin PBXResourcesBuildPhase section */
		700A93052B46BEB100608225 /* Resources */ = {
			isa = PBXResourcesBuildPhase;
			buildActionMask = 2147483647;
			files = (
				700A93172B46BEB300608225 /* LaunchScreen.storyboard in Resources */,
				703990852B4D4AED00CB5F80 /* ColorDescriptionView.xib in Resources */,
				7039907B2B4C3ECE00CB5F80 /* ColorTableViewCell.xib in Resources */,
				706E416E2B4FECA10051B3A2 /* ColorTextField.xib in Resources */,
				700A93142B46BEB300608225 /* Assets.xcassets in Resources */,
				700A93122B46BEB100608225 /* Main.storyboard in Resources */,
			);
			runOnlyForDeploymentPostprocessing = 0;
		};
		700A931B2B46BEB300608225 /* Resources */ = {
			isa = PBXResourcesBuildPhase;
			buildActionMask = 2147483647;
			files = (
			);
			runOnlyForDeploymentPostprocessing = 0;
		};
		700A93252B46BEB300608225 /* Resources */ = {
			isa = PBXResourcesBuildPhase;
			buildActionMask = 2147483647;
			files = (
			);
			runOnlyForDeploymentPostprocessing = 0;
		};
/* End PBXResourcesBuildPhase section */

/* Begin PBXSourcesBuildPhase section */
		700A93032B46BEB100608225 /* Sources */ = {
			isa = PBXSourcesBuildPhase;
			buildActionMask = 2147483647;
			files = (
				706E41C92B5444080051B3A2 /* AddColorDelegate.swift in Sources */,
				700A930F2B46BEB100608225 /* ColorsViewController.swift in Sources */,
				7039907F2B4D3A9F00CB5F80 /* ColorDescriptionView.swift in Sources */,
				706E41EF2B5543170051B3A2 /* Color+CoreDataProperties.swift in Sources */,
				706E41722B533D4C0051B3A2 /* AddColorViewController+ColorPickerDelegate.swift in Sources */,
				706E41C52B543A9C0051B3A2 /* UIHelper.swift in Sources */,
				706E41C72B543F300051B3A2 /* Color+Dragging.swift in Sources */,
				706E416C2B4FEC920051B3A2 /* ColorTextField.swift in Sources */,
				706E41CB2B5444900051B3A2 /* ColorsViewController+AddColorDelegate.swift in Sources */,
				706E41672B4EB1B10051B3A2 /* ColorsViewController+Data.swift in Sources */,
				706E41632B4EB18A0051B3A2 /* ColorsViewController+Drag.swift in Sources */,
				706E41652B4EB1A40051B3A2 /* ColorsViewController+Drop.swift in Sources */,
				7039907A2B4C3ECE00CB5F80 /* ColorTableViewCell.swift in Sources */,
				706E41DD2B5532530051B3A2 /* Colors.xcdatamodeld in Sources */,
				700A930B2B46BEB100608225 /* AppDelegate.swift in Sources */,
				706E41702B5006B20051B3A2 /* AddColorViewController.swift in Sources */,
				706E41C32B542CA40051B3A2 /* Extensions.swift in Sources */,
				700A930D2B46BEB100608225 /* SceneDelegate.swift in Sources */,
				706E41EE2B5543170051B3A2 /* Color+CoreDataClass.swift in Sources */,
			);
			runOnlyForDeploymentPostprocessing = 0;
		};
		700A93192B46BEB300608225 /* Sources */ = {
			isa = PBXSourcesBuildPhase;
			buildActionMask = 2147483647;
			files = (
				700A93222B46BEB300608225 /* ColorTasks_ColorListTests.swift in Sources */,
			);
			runOnlyForDeploymentPostprocessing = 0;
		};
		700A93232B46BEB300608225 /* Sources */ = {
			isa = PBXSourcesBuildPhase;
			buildActionMask = 2147483647;
			files = (
				700A932C2B46BEB300608225 /* ColorTasks_ColorListUITests.swift in Sources */,
				700A932E2B46BEB300608225 /* ColorTasks_ColorListUITestsLaunchTests.swift in Sources */,
			);
			runOnlyForDeploymentPostprocessing = 0;
		};
/* End PBXSourcesBuildPhase section */

/* Begin PBXTargetDependency section */
		700A931F2B46BEB300608225 /* PBXTargetDependency */ = {
			isa = PBXTargetDependency;
			target = 700A93062B46BEB100608225 /* ColorTasks-ColorList */;
			targetProxy = 700A931E2B46BEB300608225 /* PBXContainerItemProxy */;
		};
		700A93292B46BEB300608225 /* PBXTargetDependency */ = {
			isa = PBXTargetDependency;
			target = 700A93062B46BEB100608225 /* ColorTasks-ColorList */;
			targetProxy = 700A93282B46BEB300608225 /* PBXContainerItemProxy */;
		};
/* End PBXTargetDependency section */

/* Begin PBXVariantGroup section */
		700A93102B46BEB100608225 /* Main.storyboard */ = {
			isa = PBXVariantGroup;
			children = (
				700A93112B46BEB100608225 /* Base */,
			);
			name = Main.storyboard;
			sourceTree = "<group>";
		};
		700A93152B46BEB300608225 /* LaunchScreen.storyboard */ = {
			isa = PBXVariantGroup;
			children = (
				700A93162B46BEB300608225 /* Base */,
			);
			name = LaunchScreen.storyboard;
			sourceTree = "<group>";
		};
/* End PBXVariantGroup section */

/* Begin XCBuildConfiguration section */
		700A932F2B46BEB300608225 /* Debug */ = {
			isa = XCBuildConfiguration;
			buildSettings = {
				ALWAYS_SEARCH_USER_PATHS = NO;
				CLANG_ANALYZER_NONNULL = YES;
				CLANG_ANALYZER_NUMBER_OBJECT_CONVERSION = YES_AGGRESSIVE;
				CLANG_CXX_LANGUAGE_STANDARD = "gnu++20";
				CLANG_ENABLE_MODULES = YES;
				CLANG_ENABLE_OBJC_ARC = YES;
				CLANG_ENABLE_OBJC_WEAK = YES;
				CLANG_WARN_BLOCK_CAPTURE_AUTORELEASING = YES;
				CLANG_WARN_BOOL_CONVERSION = YES;
				CLANG_WARN_COMMA = YES;
				CLANG_WARN_CONSTANT_CONVERSION = YES;
				CLANG_WARN_DEPRECATED_OBJC_IMPLEMENTATIONS = YES;
				CLANG_WARN_DIRECT_OBJC_ISA_USAGE = YES_ERROR;
				CLANG_WARN_DOCUMENTATION_COMMENTS = YES;
				CLANG_WARN_EMPTY_BODY = YES;
				CLANG_WARN_ENUM_CONVERSION = YES;
				CLANG_WARN_INFINITE_RECURSION = YES;
				CLANG_WARN_INT_CONVERSION = YES;
				CLANG_WARN_NON_LITERAL_NULL_CONVERSION = YES;
				CLANG_WARN_OBJC_IMPLICIT_RETAIN_SELF = YES;
				CLANG_WARN_OBJC_LITERAL_CONVERSION = YES;
				CLANG_WARN_OBJC_ROOT_CLASS = YES_ERROR;
				CLANG_WARN_QUOTED_INCLUDE_IN_FRAMEWORK_HEADER = YES;
				CLANG_WARN_RANGE_LOOP_ANALYSIS = YES;
				CLANG_WARN_STRICT_PROTOTYPES = YES;
				CLANG_WARN_SUSPICIOUS_MOVE = YES;
				CLANG_WARN_UNGUARDED_AVAILABILITY = YES_AGGRESSIVE;
				CLANG_WARN_UNREACHABLE_CODE = YES;
				CLANG_WARN__DUPLICATE_METHOD_MATCH = YES;
				COPY_PHASE_STRIP = NO;
				DEBUG_INFORMATION_FORMAT = dwarf;
				ENABLE_STRICT_OBJC_MSGSEND = YES;
				ENABLE_TESTABILITY = YES;
				GCC_C_LANGUAGE_STANDARD = gnu11;
				GCC_DYNAMIC_NO_PIC = NO;
				GCC_NO_COMMON_BLOCKS = YES;
				GCC_OPTIMIZATION_LEVEL = 0;
				GCC_PREPROCESSOR_DEFINITIONS = (
					"DEBUG=1",
					"$(inherited)",
				);
				GCC_WARN_64_TO_32_BIT_CONVERSION = YES;
				GCC_WARN_ABOUT_RETURN_TYPE = YES_ERROR;
				GCC_WARN_UNDECLARED_SELECTOR = YES;
				GCC_WARN_UNINITIALIZED_AUTOS = YES_AGGRESSIVE;
				GCC_WARN_UNUSED_FUNCTION = YES;
				GCC_WARN_UNUSED_VARIABLE = YES;
				IPHONEOS_DEPLOYMENT_TARGET = 16.4;
				MTL_ENABLE_DEBUG_INFO = INCLUDE_SOURCE;
				MTL_FAST_MATH = YES;
				ONLY_ACTIVE_ARCH = YES;
				SDKROOT = iphoneos;
				SWIFT_ACTIVE_COMPILATION_CONDITIONS = DEBUG;
				SWIFT_OPTIMIZATION_LEVEL = "-Onone";
			};
			name = Debug;
		};
		700A93302B46BEB300608225 /* Release */ = {
			isa = XCBuildConfiguration;
			buildSettings = {
				ALWAYS_SEARCH_USER_PATHS = NO;
				CLANG_ANALYZER_NONNULL = YES;
				CLANG_ANALYZER_NUMBER_OBJECT_CONVERSION = YES_AGGRESSIVE;
				CLANG_CXX_LANGUAGE_STANDARD = "gnu++20";
				CLANG_ENABLE_MODULES = YES;
				CLANG_ENABLE_OBJC_ARC = YES;
				CLANG_ENABLE_OBJC_WEAK = YES;
				CLANG_WARN_BLOCK_CAPTURE_AUTORELEASING = YES;
				CLANG_WARN_BOOL_CONVERSION = YES;
				CLANG_WARN_COMMA = YES;
				CLANG_WARN_CONSTANT_CONVERSION = YES;
				CLANG_WARN_DEPRECATED_OBJC_IMPLEMENTATIONS = YES;
				CLANG_WARN_DIRECT_OBJC_ISA_USAGE = YES_ERROR;
				CLANG_WARN_DOCUMENTATION_COMMENTS = YES;
				CLANG_WARN_EMPTY_BODY = YES;
				CLANG_WARN_ENUM_CONVERSION = YES;
				CLANG_WARN_INFINITE_RECURSION = YES;
				CLANG_WARN_INT_CONVERSION = YES;
				CLANG_WARN_NON_LITERAL_NULL_CONVERSION = YES;
				CLANG_WARN_OBJC_IMPLICIT_RETAIN_SELF = YES;
				CLANG_WARN_OBJC_LITERAL_CONVERSION = YES;
				CLANG_WARN_OBJC_ROOT_CLASS = YES_ERROR;
				CLANG_WARN_QUOTED_INCLUDE_IN_FRAMEWORK_HEADER = YES;
				CLANG_WARN_RANGE_LOOP_ANALYSIS = YES;
				CLANG_WARN_STRICT_PROTOTYPES = YES;
				CLANG_WARN_SUSPICIOUS_MOVE = YES;
				CLANG_WARN_UNGUARDED_AVAILABILITY = YES_AGGRESSIVE;
				CLANG_WARN_UNREACHABLE_CODE = YES;
				CLANG_WARN__DUPLICATE_METHOD_MATCH = YES;
				COPY_PHASE_STRIP = NO;
				DEBUG_INFORMATION_FORMAT = "dwarf-with-dsym";
				ENABLE_NS_ASSERTIONS = NO;
				ENABLE_STRICT_OBJC_MSGSEND = YES;
				GCC_C_LANGUAGE_STANDARD = gnu11;
				GCC_NO_COMMON_BLOCKS = YES;
				GCC_WARN_64_TO_32_BIT_CONVERSION = YES;
				GCC_WARN_ABOUT_RETURN_TYPE = YES_ERROR;
				GCC_WARN_UNDECLARED_SELECTOR = YES;
				GCC_WARN_UNINITIALIZED_AUTOS = YES_AGGRESSIVE;
				GCC_WARN_UNUSED_FUNCTION = YES;
				GCC_WARN_UNUSED_VARIABLE = YES;
				IPHONEOS_DEPLOYMENT_TARGET = 16.4;
				MTL_ENABLE_DEBUG_INFO = NO;
				MTL_FAST_MATH = YES;
				SDKROOT = iphoneos;
				SWIFT_COMPILATION_MODE = wholemodule;
				SWIFT_OPTIMIZATION_LEVEL = "-O";
				VALIDATE_PRODUCT = YES;
			};
			name = Release;
		};
		700A93322B46BEB300608225 /* Debug */ = {
			isa = XCBuildConfiguration;
			buildSettings = {
				ASSETCATALOG_COMPILER_APPICON_NAME = AppIcon;
				ASSETCATALOG_COMPILER_GLOBAL_ACCENT_COLOR_NAME = AccentColor;
				CODE_SIGN_STYLE = Automatic;
				CURRENT_PROJECT_VERSION = 1;
				GENERATE_INFOPLIST_FILE = YES;
				INFOPLIST_FILE = "ColorTasks-ColorList/Info.plist";
				INFOPLIST_KEY_UIApplicationSupportsIndirectInputEvents = YES;
				INFOPLIST_KEY_UILaunchStoryboardName = LaunchScreen;
				INFOPLIST_KEY_UIMainStoryboardFile = Main;
				INFOPLIST_KEY_UISupportedInterfaceOrientations_iPad = "UIInterfaceOrientationPortrait UIInterfaceOrientationPortraitUpsideDown UIInterfaceOrientationLandscapeLeft UIInterfaceOrientationLandscapeRight";
				INFOPLIST_KEY_UISupportedInterfaceOrientations_iPhone = "UIInterfaceOrientationPortrait UIInterfaceOrientationLandscapeLeft UIInterfaceOrientationLandscapeRight";
				LD_RUNPATH_SEARCH_PATHS = (
					"$(inherited)",
					"@executable_path/Frameworks",
				);
				MARKETING_VERSION = 1.0;
				PRODUCT_BUNDLE_IDENTIFIER = "com.loc.ColorTasks-ColorList";
				PRODUCT_NAME = "$(TARGET_NAME)";
				SWIFT_EMIT_LOC_STRINGS = YES;
				SWIFT_VERSION = 5.0;
				TARGETED_DEVICE_FAMILY = "1,2";
			};
			name = Debug;
		};
		700A93332B46BEB300608225 /* Release */ = {
			isa = XCBuildConfiguration;
			buildSettings = {
				ASSETCATALOG_COMPILER_APPICON_NAME = AppIcon;
				ASSETCATALOG_COMPILER_GLOBAL_ACCENT_COLOR_NAME = AccentColor;
				CODE_SIGN_STYLE = Automatic;
				CURRENT_PROJECT_VERSION = 1;
				GENERATE_INFOPLIST_FILE = YES;
				INFOPLIST_FILE = "ColorTasks-ColorList/Info.plist";
				INFOPLIST_KEY_UIApplicationSupportsIndirectInputEvents = YES;
				INFOPLIST_KEY_UILaunchStoryboardName = LaunchScreen;
				INFOPLIST_KEY_UIMainStoryboardFile = Main;
				INFOPLIST_KEY_UISupportedInterfaceOrientations_iPad = "UIInterfaceOrientationPortrait UIInterfaceOrientationPortraitUpsideDown UIInterfaceOrientationLandscapeLeft UIInterfaceOrientationLandscapeRight";
				INFOPLIST_KEY_UISupportedInterfaceOrientations_iPhone = "UIInterfaceOrientationPortrait UIInterfaceOrientationLandscapeLeft UIInterfaceOrientationLandscapeRight";
				LD_RUNPATH_SEARCH_PATHS = (
					"$(inherited)",
					"@executable_path/Frameworks",
				);
				MARKETING_VERSION = 1.0;
				PRODUCT_BUNDLE_IDENTIFIER = "com.loc.ColorTasks-ColorList";
				PRODUCT_NAME = "$(TARGET_NAME)";
				SWIFT_EMIT_LOC_STRINGS = YES;
				SWIFT_VERSION = 5.0;
				TARGETED_DEVICE_FAMILY = "1,2";
			};
			name = Release;
		};
		700A93352B46BEB300608225 /* Debug */ = {
			isa = XCBuildConfiguration;
			buildSettings = {
				ALWAYS_EMBED_SWIFT_STANDARD_LIBRARIES = YES;
				BUNDLE_LOADER = "$(TEST_HOST)";
				CODE_SIGN_STYLE = Automatic;
				CURRENT_PROJECT_VERSION = 1;
				GENERATE_INFOPLIST_FILE = YES;
				IPHONEOS_DEPLOYMENT_TARGET = 16.4;
				MARKETING_VERSION = 1.0;
				PRODUCT_BUNDLE_IDENTIFIER = "com.loc.ColorTasks-ColorListTests";
				PRODUCT_NAME = "$(TARGET_NAME)";
				SWIFT_EMIT_LOC_STRINGS = NO;
				SWIFT_VERSION = 5.0;
				TARGETED_DEVICE_FAMILY = "1,2";
				TEST_HOST = "$(BUILT_PRODUCTS_DIR)/ColorTasks-ColorList.app/$(BUNDLE_EXECUTABLE_FOLDER_PATH)/ColorTasks-ColorList";
			};
			name = Debug;
		};
		700A93362B46BEB300608225 /* Release */ = {
			isa = XCBuildConfiguration;
			buildSettings = {
				ALWAYS_EMBED_SWIFT_STANDARD_LIBRARIES = YES;
				BUNDLE_LOADER = "$(TEST_HOST)";
				CODE_SIGN_STYLE = Automatic;
				CURRENT_PROJECT_VERSION = 1;
				GENERATE_INFOPLIST_FILE = YES;
				IPHONEOS_DEPLOYMENT_TARGET = 16.4;
				MARKETING_VERSION = 1.0;
				PRODUCT_BUNDLE_IDENTIFIER = "com.loc.ColorTasks-ColorListTests";
				PRODUCT_NAME = "$(TARGET_NAME)";
				SWIFT_EMIT_LOC_STRINGS = NO;
				SWIFT_VERSION = 5.0;
				TARGETED_DEVICE_FAMILY = "1,2";
				TEST_HOST = "$(BUILT_PRODUCTS_DIR)/ColorTasks-ColorList.app/$(BUNDLE_EXECUTABLE_FOLDER_PATH)/ColorTasks-ColorList";
			};
			name = Release;
		};
		700A93382B46BEB300608225 /* Debug */ = {
			isa = XCBuildConfiguration;
			buildSettings = {
				ALWAYS_EMBED_SWIFT_STANDARD_LIBRARIES = YES;
				CODE_SIGN_STYLE = Automatic;
				CURRENT_PROJECT_VERSION = 1;
				GENERATE_INFOPLIST_FILE = YES;
				MARKETING_VERSION = 1.0;
				PRODUCT_BUNDLE_IDENTIFIER = "com.loc.ColorTasks-ColorListUITests";
				PRODUCT_NAME = "$(TARGET_NAME)";
				SWIFT_EMIT_LOC_STRINGS = NO;
				SWIFT_VERSION = 5.0;
				TARGETED_DEVICE_FAMILY = "1,2";
				TEST_TARGET_NAME = "ColorTasks-ColorList";
			};
			name = Debug;
		};
		700A93392B46BEB300608225 /* Release */ = {
			isa = XCBuildConfiguration;
			buildSettings = {
				ALWAYS_EMBED_SWIFT_STANDARD_LIBRARIES = YES;
				CODE_SIGN_STYLE = Automatic;
				CURRENT_PROJECT_VERSION = 1;
				GENERATE_INFOPLIST_FILE = YES;
				MARKETING_VERSION = 1.0;
				PRODUCT_BUNDLE_IDENTIFIER = "com.loc.ColorTasks-ColorListUITests";
				PRODUCT_NAME = "$(TARGET_NAME)";
				SWIFT_EMIT_LOC_STRINGS = NO;
				SWIFT_VERSION = 5.0;
				TARGETED_DEVICE_FAMILY = "1,2";
				TEST_TARGET_NAME = "ColorTasks-ColorList";
			};
			name = Release;
		};
/* End XCBuildConfiguration section */

/* Begin XCConfigurationList section */
		700A93022B46BEB100608225 /* Build configuration list for PBXProject "ColorTasks-ColorList" */ = {
			isa = XCConfigurationList;
			buildConfigurations = (
				700A932F2B46BEB300608225 /* Debug */,
				700A93302B46BEB300608225 /* Release */,
			);
			defaultConfigurationIsVisible = 0;
			defaultConfigurationName = Release;
		};
		700A93312B46BEB300608225 /* Build configuration list for PBXNativeTarget "ColorTasks-ColorList" */ = {
			isa = XCConfigurationList;
			buildConfigurations = (
				700A93322B46BEB300608225 /* Debug */,
				700A93332B46BEB300608225 /* Release */,
			);
			defaultConfigurationIsVisible = 0;
			defaultConfigurationName = Release;
		};
		700A93342B46BEB300608225 /* Build configuration list for PBXNativeTarget "ColorTasks-ColorListTests" */ = {
			isa = XCConfigurationList;
			buildConfigurations = (
				700A93352B46BEB300608225 /* Debug */,
				700A93362B46BEB300608225 /* Release */,
			);
			defaultConfigurationIsVisible = 0;
			defaultConfigurationName = Release;
		};
		700A93372B46BEB300608225 /* Build configuration list for PBXNativeTarget "ColorTasks-ColorListUITests" */ = {
			isa = XCConfigurationList;
			buildConfigurations = (
				700A93382B46BEB300608225 /* Debug */,
				700A93392B46BEB300608225 /* Release */,
			);
			defaultConfigurationIsVisible = 0;
			defaultConfigurationName = Release;
		};
/* End XCConfigurationList section */

/* Begin XCVersionGroup section */
		706E41DB2B5532530051B3A2 /* Colors.xcdatamodeld */ = {
			isa = XCVersionGroup;
			children = (
				706E41DC2B5532530051B3A2 /* Colors.xcdatamodel */,
			);
			currentVersion = 706E41DC2B5532530051B3A2 /* Colors.xcdatamodel */;
			path = Colors.xcdatamodeld;
			sourceTree = "<group>";
			versionGroupType = wrapper.xcdatamodel;
		};
/* End XCVersionGroup section */
	};
	rootObject = 700A92FF2B46BEB100608225 /* Project object */;
}
